// !$*UTF8*$!
{
	archiveVersion = 1;
	classes = {
	};
	objectVersion = 77;
	objects = {

/* Begin PBXContainerItemProxy section */
		86C89DC82CD021DA00922EE3 /* PBXContainerItemProxy */ = {
			isa = PBXContainerItemProxy;
			containerPortal = 86C89DA92CD021DA00922EE3 /* Project object */;
			proxyType = 1;
			remoteGlobalIDString = 86C89DB02CD021DA00922EE3;
			remoteInfo = "Swift UIKit";
		};
		86C89DD22CD021DA00922EE3 /* PBXContainerItemProxy */ = {
			isa = PBXContainerItemProxy;
			containerPortal = 86C89DA92CD021DA00922EE3 /* Project object */;
			proxyType = 1;
			remoteGlobalIDString = 86C89DB02CD021DA00922EE3;
			remoteInfo = "Swift UIKit";
		};
/* End PBXContainerItemProxy section */

/* Begin PBXFileReference section */
		86C89DB12CD021DA00922EE3 /* Swift UIKit.app */ = {isa = PBXFileReference; explicitFileType = wrapper.application; includeInIndex = 0; path = "Swift UIKit.app"; sourceTree = BUILT_PRODUCTS_DIR; };
		86C89DC72CD021DA00922EE3 /* Swift UIKitTests.xctest */ = {isa = PBXFileReference; explicitFileType = wrapper.cfbundle; includeInIndex = 0; path = "Swift UIKitTests.xctest"; sourceTree = BUILT_PRODUCTS_DIR; };
		86C89DD12CD021DA00922EE3 /* Swift UIKitUITests.xctest */ = {isa = PBXFileReference; explicitFileType = wrapper.cfbundle; includeInIndex = 0; path = "Swift UIKitUITests.xctest"; sourceTree = BUILT_PRODUCTS_DIR; };
/* End PBXFileReference section */

/* Begin PBXFileSystemSynchronizedBuildFileExceptionSet section */
		86C89DD92CD021DA00922EE3 /* Exceptions for "Swift UIKit" folder in "Swift UIKit" target */ = {
			isa = PBXFileSystemSynchronizedBuildFileExceptionSet;
			membershipExceptions = (
				Info.plist,
			);
			target = 86C89DB02CD021DA00922EE3 /* Swift UIKit */;
		};
/* End PBXFileSystemSynchronizedBuildFileExceptionSet section */

/* Begin PBXFileSystemSynchronizedRootGroup section */
		86C89DB32CD021DA00922EE3 /* Swift UIKit */ = {
			isa = PBXFileSystemSynchronizedRootGroup;
			exceptions = (
				86C89DD92CD021DA00922EE3 /* Exceptions for "Swift UIKit" folder in "Swift UIKit" target */,
			);
			path = "Swift UIKit";
			sourceTree = "<group>";
		};
		86C89DCA2CD021DA00922EE3 /* Swift UIKitTests */ = {
			isa = PBXFileSystemSynchronizedRootGroup;
			path = "Swift UIKitTests";
			sourceTree = "<group>";
		};
		86C89DD42CD021DA00922EE3 /* Swift UIKitUITests */ = {
			isa = PBXFileSystemSynchronizedRootGroup;
			path = "Swift UIKitUITests";
			sourceTree = "<group>";
		};
/* End PBXFileSystemSynchronizedRootGroup section */

/* Begin PBXFrameworksBuildPhase section */
		86C89DAE2CD021DA00922EE3 /* Frameworks */ = {
			isa = PBXFrameworksBuildPhase;
			buildActionMask = 2147483647;
			files = (
			);
			runOnlyForDeploymentPostprocessing = 0;
		};
		86C89DC42CD021DA00922EE3 /* Frameworks */ = {
			isa = PBXFrameworksBuildPhase;
			buildActionMask = 2147483647;
			files = (
			);
			runOnlyForDeploymentPostprocessing = 0;
		};
		86C89DCE2CD021DA00922EE3 /* Frameworks */ = {
			isa = PBXFrameworksBuildPhase;
			buildActionMask = 2147483647;
			files = (
			);
			runOnlyForDeploymentPostprocessing = 0;
		};
/* End PBXFrameworksBuildPhase section */

/* Begin PBXGroup section */
		86C89DA82CD021DA00922EE3 = {
			isa = PBXGroup;
			children = (
				86C89DB32CD021DA00922EE3 /* Swift UIKit */,
				86C89DCA2CD021DA00922EE3 /* Swift UIKitTests */,
				86C89DD42CD021DA00922EE3 /* Swift UIKitUITests */,
				86C89DB22CD021DA00922EE3 /* Products */,
			);
			sourceTree = "<group>";
		};
		86C89DB22CD021DA00922EE3 /* Products */ = {
			isa = PBXGroup;
			children = (
				86C89DB12CD021DA00922EE3 /* Swift UIKit.app */,
				86C89DC72CD021DA00922EE3 /* Swift UIKitTests.xctest */,
				86C89DD12CD021DA00922EE3 /* Swift UIKitUITests.xctest */,
			);
			name = Products;
			sourceTree = "<group>";
		};
/* End PBXGroup section */

/* Begin PBXNativeTarget section */
		86C89DB02CD021DA00922EE3 /* Swift UIKit */ = {
			isa = PBXNativeTarget;
			buildConfigurationList = 86C89DDA2CD021DB00922EE3 /* Build configuration list for PBXNativeTarget "Swift UIKit" */;
			buildPhases = (
				86C89DAD2CD021DA00922EE3 /* Sources */,
				86C89DAE2CD021DA00922EE3 /* Frameworks */,
				86C89DAF2CD021DA00922EE3 /* Resources */,
			);
			buildRules = (
			);
			dependencies = (
			);
			fileSystemSynchronizedGroups = (
				86C89DB32CD021DA00922EE3 /* Swift UIKit */,
			);
			name = "Swift UIKit";
			packageProductDependencies = (
			);
			productName = "Swift UIKit";
			productReference = 86C89DB12CD021DA00922EE3 /* Swift UIKit.app */;
			productType = "com.apple.product-type.application";
		};
		86C89DC62CD021DA00922EE3 /* Swift UIKitTests */ = {
			isa = PBXNativeTarget;
			buildConfigurationList = 86C89DDF2CD021DB00922EE3 /* Build configuration list for PBXNativeTarget "Swift UIKitTests" */;
			buildPhases = (
				86C89DC32CD021DA00922EE3 /* Sources */,
				86C89DC42CD021DA00922EE3 /* Frameworks */,
				86C89DC52CD021DA00922EE3 /* Resources */,
			);
			buildRules = (
			);
			dependencies = (
				86C89DC92CD021DA00922EE3 /* PBXTargetDependency */,
			);
			fileSystemSynchronizedGroups = (
				86C89DCA2CD021DA00922EE3 /* Swift UIKitTests */,
			);
			name = "Swift UIKitTests";
			packageProductDependencies = (
			);
			productName = "Swift UIKitTests";
			productReference = 86C89DC72CD021DA00922EE3 /* Swift UIKitTests.xctest */;
			productType = "com.apple.product-type.bundle.unit-test";
		};
		86C89DD02CD021DA00922EE3 /* Swift UIKitUITests */ = {
			isa = PBXNativeTarget;
			buildConfigurationList = 86C89DE22CD021DB00922EE3 /* Build configuration list for PBXNativeTarget "Swift UIKitUITests" */;
			buildPhases = (
				86C89DCD2CD021DA00922EE3 /* Sources */,
				86C89DCE2CD021DA00922EE3 /* Frameworks */,
				86C89DCF2CD021DA00922EE3 /* Resources */,
			);
			buildRules = (
			);
			dependencies = (
				86C89DD32CD021DA00922EE3 /* PBXTargetDependency */,
			);
			fileSystemSynchronizedGroups = (
				86C89DD42CD021DA00922EE3 /* Swift UIKitUITests */,
			);
			name = "Swift UIKitUITests";
			packageProductDependencies = (
			);
			productName = "Swift UIKitUITests";
			productReference = 86C89DD12CD021DA00922EE3 /* Swift UIKitUITests.xctest */;
			productType = "com.apple.product-type.bundle.ui-testing";
		};
/* End PBXNativeTarget section */

/* Begin PBXProject section */
		86C89DA92CD021DA00922EE3 /* Project object */ = {
			isa = PBXProject;
			attributes = {
				BuildIndependentTargetsInParallel = 1;
				LastSwiftUpdateCheck = 1600;
				LastUpgradeCheck = 1600;
				TargetAttributes = {
					86C89DB02CD021DA00922EE3 = {
						CreatedOnToolsVersion = 16.0;
					};
					86C89DC62CD021DA00922EE3 = {
						CreatedOnToolsVersion = 16.0;
						TestTargetID = 86C89DB02CD021DA00922EE3;
					};
					86C89DD02CD021DA00922EE3 = {
						CreatedOnToolsVersion = 16.0;
						TestTargetID = 86C89DB02CD021DA00922EE3;
					};
				};
			};
			buildConfigurationList = 86C89DAC2CD021DA00922EE3 /* Build configuration list for PBXProject "Swift UIKit" */;
			developmentRegion = en;
			hasScannedForEncodings = 0;
			knownRegions = (
				en,
				Base,
			);
			mainGroup = 86C89DA82CD021DA00922EE3;
			minimizedProjectReferenceProxies = 1;
			preferredProjectObjectVersion = 77;
			productRefGroup = 86C89DB22CD021DA00922EE3 /* Products */;
			projectDirPath = "";
			projectRoot = "";
			targets = (
				86C89DB02CD021DA00922EE3 /* Swift UIKit */,
				86C89DC62CD021DA00922EE3 /* Swift UIKitTests */,
				86C89DD02CD021DA00922EE3 /* Swift UIKitUITests */,
			);
		};
/* End PBXProject section */

/* Begin PBXResourcesBuildPhase section */
		86C89DAF2CD021DA00922EE3 /* Resources */ = {
			isa = PBXResourcesBuildPhase;
			buildActionMask = 2147483647;
			files = (
			);
			runOnlyForDeploymentPostprocessing = 0;
		};
		86C89DC52CD021DA00922EE3 /* Resources */ = {
			isa = PBXResourcesBuildPhase;
			buildActionMask = 2147483647;
			files = (
			);
			runOnlyForDeploymentPostprocessing = 0;
		};
		86C89DCF2CD021DA00922EE3 /* Resources */ = {
			isa = PBXResourcesBuildPhase;
			buildActionMask = 2147483647;
			files = (
			);
			runOnlyForDeploymentPostprocessing = 0;
		};
/* End PBXResourcesBuildPhase section */

/* Begin PBXSourcesBuildPhase section */
		86C89DAD2CD021DA00922EE3 /* Sources */ = {
			isa = PBXSourcesBuildPhase;
			buildActionMask = 2147483647;
			files = (
			);
			runOnlyForDeploymentPostprocessing = 0;
		};
		86C89DC32CD021DA00922EE3 /* Sources */ = {
			isa = PBXSourcesBuildPhase;
			buildActionMask = 2147483647;
			files = (
			);
			runOnlyForDeploymentPostprocessing = 0;
		};
		86C89DCD2CD021DA00922EE3 /* Sources */ = {
			isa = PBXSourcesBuildPhase;
			buildActionMask = 2147483647;
			files = (
			);
			runOnlyForDeploymentPostprocessing = 0;
		};
/* End PBXSourcesBuildPhase section */

/* Begin PBXTargetDependency section */
		86C89DC92CD021DA00922EE3 /* PBXTargetDependency */ = {
			isa = PBXTargetDependency;
			target = 86C89DB02CD021DA00922EE3 /* Swift UIKit */;
			targetProxy = 86C89DC82CD021DA00922EE3 /* PBXContainerItemProxy */;
		};
		86C89DD32CD021DA00922EE3 /* PBXTargetDependency */ = {
			isa = PBXTargetDependency;
			target = 86C89DB02CD021DA00922EE3 /* Swift UIKit */;
			targetProxy = 86C89DD22CD021DA00922EE3 /* PBXContainerItemProxy */;
		};
/* End PBXTargetDependency section */

/* Begin XCBuildConfiguration section */
		86C89DDB2CD021DB00922EE3 /* Debug */ = {
			isa = XCBuildConfiguration;
			buildSettings = {
				ASSETCATALOG_COMPILER_APPICON_NAME = AppIcon;
				ASSETCATALOG_COMPILER_GLOBAL_ACCENT_COLOR_NAME = AccentColor;
				CODE_SIGN_STYLE = Automatic;
				CURRENT_PROJECT_VERSION = 1;
				DEVELOPMENT_TEAM = UDN8HKP972;
				GENERATE_INFOPLIST_FILE = YES;
				INFOPLIST_FILE = "Swift UIKit/Info.plist";
				INFOPLIST_KEY_UIApplicationSupportsIndirectInputEvents = YES;
				INFOPLIST_KEY_UILaunchStoryboardName = LaunchScreen;
				INFOPLIST_KEY_UIMainStoryboardFile = Main;
				INFOPLIST_KEY_UISupportedInterfaceOrientations_iPad = "UIInterfaceOrientationPortrait UIInterfaceOrientationPortraitUpsideDown UIInterfaceOrientationLandscapeLeft UIInterfaceOrientationLandscapeRight";
				INFOPLIST_KEY_UISupportedInterfaceOrientations_iPhone = "UIInterfaceOrientationPortrait UIInterfaceOrientationLandscapeLeft UIInterfaceOrientationLandscapeRight";
				LD_RUNPATH_SEARCH_PATHS = (
					"$(inherited)",
					"@executable_path/Frameworks",
				);
				MARKETING_VERSION = 1.0;
				PRODUCT_BUNDLE_IDENTIFIER = "com.Aplicativos.Swift-UIKit";
				PRODUCT_NAME = "$(TARGET_NAME)";
				SWIFT_EMIT_LOC_STRINGS = YES;
				SWIFT_VERSION = 5.0;
				TARGETED_DEVICE_FAMILY = "1,2";
			};
			name = Debug;
		};
		86C89DDC2CD021DB00922EE3 /* Release */ = {
			isa = XCBuildConfiguration;
			buildSettings = {
				ASSETCATALOG_COMPILER_APPICON_NAME = AppIcon;
				ASSETCATALOG_COMPILER_GLOBAL_ACCENT_COLOR_NAME = AccentColor;
				CODE_SIGN_STYLE = Automatic;
				CURRENT_PROJECT_VERSION = 1;
				DEVELOPMENT_TEAM = UDN8HKP972;
				GENERATE_INFOPLIST_FILE = YES;
				INFOPLIST_FILE = "Swift UIKit/Info.plist";
				INFOPLIST_KEY_UIApplicationSupportsIndirectInputEvents = YES;
				INFOPLIST_KEY_UILaunchStoryboardName = LaunchScreen;
				INFOPLIST_KEY_UIMainStoryboardFile = Main;
				INFOPLIST_KEY_UISupportedInterfaceOrientations_iPad = "UIInterfaceOrientationPortrait UIInterfaceOrientationPortraitUpsideDown UIInterfaceOrientationLandscapeLeft UIInterfaceOrientationLandscapeRight";
				INFOPLIST_KEY_UISupportedInterfaceOrientations_iPhone = "UIInterfaceOrientationPortrait UIInterfaceOrientationLandscapeLeft UIInterfaceOrientationLandscapeRight";
				LD_RUNPATH_SEARCH_PATHS = (
					"$(inherited)",
					"@executable_path/Frameworks",
				);
				MARKETING_VERSION = 1.0;
				PRODUCT_BUNDLE_IDENTIFIER = "com.Aplicativos.Swift-UIKit";
				PRODUCT_NAME = "$(TARGET_NAME)";
				SWIFT_EMIT_LOC_STRINGS = YES;
				SWIFT_VERSION = 5.0;
				TARGETED_DEVICE_FAMILY = "1,2";
			};
			name = Release;
		};
		86C89DDD2CD021DB00922EE3 /* Debug */ = {
			isa = XCBuildConfiguration;
			buildSettings = {
				ALWAYS_SEARCH_USER_PATHS = NO;
				ASSETCATALOG_COMPILER_GENERATE_SWIFT_ASSET_SYMBOL_EXTENSIONS = YES;
				CLANG_ANALYZER_NONNULL = YES;
				CLANG_ANALYZER_NUMBER_OBJECT_CONVERSION = YES_AGGRESSIVE;
				CLANG_CXX_LANGUAGE_STANDARD = "gnu++20";
				CLANG_ENABLE_MODULES = YES;
				CLANG_ENABLE_OBJC_ARC = YES;
				CLANG_ENABLE_OBJC_WEAK = YES;
				CLANG_WARN_BLOCK_CAPTURE_AUTORELEASING = YES;
				CLANG_WARN_BOOL_CONVERSION = YES;
				CLANG_WARN_COMMA = YES;
				CLANG_WARN_CONSTANT_CONVERSION = YES;
				CLANG_WARN_DEPRECATED_OBJC_IMPLEMENTATIONS = YES;
				CLANG_WARN_DIRECT_OBJC_ISA_USAGE = YES_ERROR;
				CLANG_WARN_DOCUMENTATION_COMMENTS = YES;
				CLANG_WARN_EMPTY_BODY = YES;
				CLANG_WARN_ENUM_CONVERSION = YES;
				CLANG_WARN_INFINITE_RECURSION = YES;
				CLANG_WARN_INT_CONVERSION = YES;
				CLANG_WARN_NON_LITERAL_NULL_CONVERSION = YES;
				CLANG_WARN_OBJC_IMPLICIT_RETAIN_SELF = YES;
				CLANG_WARN_OBJC_LITERAL_CONVERSION = YES;
				CLANG_WARN_OBJC_ROOT_CLASS = YES_ERROR;
				CLANG_WARN_QUOTED_INCLUDE_IN_FRAMEWORK_HEADER = YES;
				CLANG_WARN_RANGE_LOOP_ANALYSIS = YES;
				CLANG_WARN_STRICT_PROTOTYPES = YES;
				CLANG_WARN_SUSPICIOUS_MOVE = YES;
				CLANG_WARN_UNGUARDED_AVAILABILITY = YES_AGGRESSIVE;
				CLANG_WARN_UNREACHABLE_CODE = YES;
				CLANG_WARN__DUPLICATE_METHOD_MATCH = YES;
				COPY_PHASE_STRIP = NO;
				DEBUG_INFORMATION_FORMAT = dwarf;
				ENABLE_STRICT_OBJC_MSGSEND = YES;
				ENABLE_TESTABILITY = YES;
				ENABLE_USER_SCRIPT_SANDBOXING = YES;
				GCC_C_LANGUAGE_STANDARD = gnu17;
				GCC_DYNAMIC_NO_PIC = NO;
				GCC_NO_COMMON_BLOCKS = YES;
				GCC_OPTIMIZATION_LEVEL = 0;
				GCC_PREPROCESSOR_DEFINITIONS = (
					"DEBUG=1",
					"$(inherited)",
				);
				GCC_WARN_64_TO_32_BIT_CONVERSION = YES;
				GCC_WARN_ABOUT_RETURN_TYPE = YES_ERROR;
				GCC_WARN_UNDECLARED_SELECTOR = YES;
				GCC_WARN_UNINITIALIZED_AUTOS = YES_AGGRESSIVE;
				GCC_WARN_UNUSED_FUNCTION = YES;
				GCC_WARN_UNUSED_VARIABLE = YES;
				IPHONEOS_DEPLOYMENT_TARGET = 18.0;
				LOCALIZATION_PREFERS_STRING_CATALOGS = YES;
				MTL_ENABLE_DEBUG_INFO = INCLUDE_SOURCE;
				MTL_FAST_MATH = YES;
				ONLY_ACTIVE_ARCH = YES;
				SDKROOT = iphoneos;
				SWIFT_ACTIVE_COMPILATION_CONDITIONS = "DEBUG $(inherited)";
				SWIFT_OPTIMIZATION_LEVEL = "-Onone";
			};
			name = Debug;
		};
		86C89DDE2CD021DB00922EE3 /* Release */ = {
			isa = XCBuildConfiguration;
			buildSettings = {
				ALWAYS_SEARCH_USER_PATHS = NO;
				ASSETCATALOG_COMPILER_GENERATE_SWIFT_ASSET_SYMBOL_EXTENSIONS = YES;
				CLANG_ANALYZER_NONNULL = YES;
				CLANG_ANALYZER_NUMBER_OBJECT_CONVERSION = YES_AGGRESSIVE;
				CLANG_CXX_LANGUAGE_STANDARD = "gnu++20";
				CLANG_ENABLE_MODULES = YES;
				CLANG_ENABLE_OBJC_ARC = YES;
				CLANG_ENABLE_OBJC_WEAK = YES;
				CLANG_WARN_BLOCK_CAPTURE_AUTORELEASING = YES;
				CLANG_WARN_BOOL_CONVERSION = YES;
				CLANG_WARN_COMMA = YES;
				CLANG_WARN_CONSTANT_CONVERSION = YES;
				CLANG_WARN_DEPRECATED_OBJC_IMPLEMENTATIONS = YES;
				CLANG_WARN_DIRECT_OBJC_ISA_USAGE = YES_ERROR;
				CLANG_WARN_DOCUMENTATION_COMMENTS = YES;
				CLANG_WARN_EMPTY_BODY = YES;
				CLANG_WARN_ENUM_CONVERSION = YES;
				CLANG_WARN_INFINITE_RECURSION = YES;
				CLANG_WARN_INT_CONVERSION = YES;
				CLANG_WARN_NON_LITERAL_NULL_CONVERSION = YES;
				CLANG_WARN_OBJC_IMPLICIT_RETAIN_SELF = YES;
				CLANG_WARN_OBJC_LITERAL_CONVERSION = YES;
				CLANG_WARN_OBJC_ROOT_CLASS = YES_ERROR;
				CLANG_WARN_QUOTED_INCLUDE_IN_FRAMEWORK_HEADER = YES;
				CLANG_WARN_RANGE_LOOP_ANALYSIS = YES;
				CLANG_WARN_STRICT_PROTOTYPES = YES;
				CLANG_WARN_SUSPICIOUS_MOVE = YES;
				CLANG_WARN_UNGUARDED_AVAILABILITY = YES_AGGRESSIVE;
				CLANG_WARN_UNREACHABLE_CODE = YES;
				CLANG_WARN__DUPLICATE_METHOD_MATCH = YES;
				COPY_PHASE_STRIP = NO;
				DEBUG_INFORMATION_FORMAT = "dwarf-with-dsym";
				ENABLE_NS_ASSERTIONS = NO;
				ENABLE_STRICT_OBJC_MSGSEND = YES;
				ENABLE_USER_SCRIPT_SANDBOXING = YES;
				GCC_C_LANGUAGE_STANDARD = gnu17;
				GCC_NO_COMMON_BLOCKS = YES;
				GCC_WARN_64_TO_32_BIT_CONVERSION = YES;
				GCC_WARN_ABOUT_RETURN_TYPE = YES_ERROR;
				GCC_WARN_UNDECLARED_SELECTOR = YES;
				GCC_WARN_UNINITIALIZED_AUTOS = YES_AGGRESSIVE;
				GCC_WARN_UNUSED_FUNCTION = YES;
				GCC_WARN_UNUSED_VARIABLE = YES;
				IPHONEOS_DEPLOYMENT_TARGET = 18.0;
				LOCALIZATION_PREFERS_STRING_CATALOGS = YES;
				MTL_ENABLE_DEBUG_INFO = NO;
				MTL_FAST_MATH = YES;
				SDKROOT = iphoneos;
				SWIFT_COMPILATION_MODE = wholemodule;
				VALIDATE_PRODUCT = YES;
			};
			name = Release;
		};
		86C89DE02CD021DB00922EE3 /* Debug */ = {
			isa = XCBuildConfiguration;
			buildSettings = {
				BUNDLE_LOADER = "$(TEST_HOST)";
				CODE_SIGN_STYLE = Automatic;
				CURRENT_PROJECT_VERSION = 1;
				DEVELOPMENT_TEAM = UDN8HKP972;
				GENERATE_INFOPLIST_FILE = YES;
				IPHONEOS_DEPLOYMENT_TARGET = 18.0;
				MARKETING_VERSION = 1.0;
				PRODUCT_BUNDLE_IDENTIFIER = "com.Aplicativos.Swift-UIKitTests";
				PRODUCT_NAME = "$(TARGET_NAME)";
				SWIFT_EMIT_LOC_STRINGS = NO;
				SWIFT_VERSION = 5.0;
				TARGETED_DEVICE_FAMILY = "1,2";
				TEST_HOST = "$(BUILT_PRODUCTS_DIR)/Swift UIKit.app/$(BUNDLE_EXECUTABLE_FOLDER_PATH)/Swift UIKit";
			};
			name = Debug;
		};
		86C89DE12CD021DB00922EE3 /* Release */ = {
			isa = XCBuildConfiguration;
			buildSettings = {
				BUNDLE_LOADER = "$(TEST_HOST)";
				CODE_SIGN_STYLE = Automatic;
				CURRENT_PROJECT_VERSION = 1;
				DEVELOPMENT_TEAM = UDN8HKP972;
				GENERATE_INFOPLIST_FILE = YES;
				IPHONEOS_DEPLOYMENT_TARGET = 18.0;
				MARKETING_VERSION = 1.0;
				PRODUCT_BUNDLE_IDENTIFIER = "com.Aplicativos.Swift-UIKitTests";
				PRODUCT_NAME = "$(TARGET_NAME)";
				SWIFT_EMIT_LOC_STRINGS = NO;
				SWIFT_VERSION = 5.0;
				TARGETED_DEVICE_FAMILY = "1,2";
				TEST_HOST = "$(BUILT_PRODUCTS_DIR)/Swift UIKit.app/$(BUNDLE_EXECUTABLE_FOLDER_PATH)/Swift UIKit";
			};
			name = Release;
		};
		86C89DE32CD021DB00922EE3 /* Debug */ = {
			isa = XCBuildConfiguration;
			buildSettings = {
				CODE_SIGN_STYLE = Automatic;
				CURRENT_PROJECT_VERSION = 1;
				DEVELOPMENT_TEAM = UDN8HKP972;
				GENERATE_INFOPLIST_FILE = YES;
				MARKETING_VERSION = 1.0;
				PRODUCT_BUNDLE_IDENTIFIER = "com.Aplicativos.Swift-UIKitUITests";
				PRODUCT_NAME = "$(TARGET_NAME)";
				SWIFT_EMIT_LOC_STRINGS = NO;
				SWIFT_VERSION = 5.0;
				TARGETED_DEVICE_FAMILY = "1,2";
				TEST_TARGET_NAME = "Swift UIKit";
			};
			name = Debug;
		};
		86C89DE42CD021DB00922EE3 /* Release */ = {
			isa = XCBuildConfiguration;
			buildSettings = {
				CODE_SIGN_STYLE = Automatic;
				CURRENT_PROJECT_VERSION = 1;
				DEVELOPMENT_TEAM = UDN8HKP972;
				GENERATE_INFOPLIST_FILE = YES;
				MARKETING_VERSION = 1.0;
				PRODUCT_BUNDLE_IDENTIFIER = "com.Aplicativos.Swift-UIKitUITests";
				PRODUCT_NAME = "$(TARGET_NAME)";
				SWIFT_EMIT_LOC_STRINGS = NO;
				SWIFT_VERSION = 5.0;
				TARGETED_DEVICE_FAMILY = "1,2";
				TEST_TARGET_NAME = "Swift UIKit";
			};
			name = Release;
		};
/* End XCBuildConfiguration section */

/* Begin XCConfigurationList section */
		86C89DAC2CD021DA00922EE3 /* Build configuration list for PBXProject "Swift UIKit" */ = {
			isa = XCConfigurationList;
			buildConfigurations = (
				86C89DDD2CD021DB00922EE3 /* Debug */,
				86C89DDE2CD021DB00922EE3 /* Release */,
			);
			defaultConfigurationIsVisible = 0;
			defaultConfigurationName = Release;
		};
		86C89DDA2CD021DB00922EE3 /* Build configuration list for PBXNativeTarget "Swift UIKit" */ = {
			isa = XCConfigurationList;
			buildConfigurations = (
				86C89DDB2CD021DB00922EE3 /* Debug */,
				86C89DDC2CD021DB00922EE3 /* Release */,
			);
			defaultConfigurationIsVisible = 0;
			defaultConfigurationName = Release;
		};
		86C89DDF2CD021DB00922EE3 /* Build configuration list for PBXNativeTarget "Swift UIKitTests" */ = {
			isa = XCConfigurationList;
			buildConfigurations = (
				86C89DE02CD021DB00922EE3 /* Debug */,
				86C89DE12CD021DB00922EE3 /* Release */,
			);
			defaultConfigurationIsVisible = 0;
			defaultConfigurationName = Release;
		};
		86C89DE22CD021DB00922EE3 /* Build configuration list for PBXNativeTarget "Swift UIKitUITests" */ = {
			isa = XCConfigurationList;
			buildConfigurations = (
				86C89DE32CD021DB00922EE3 /* Debug */,
				86C89DE42CD021DB00922EE3 /* Release */,
			);
			defaultConfigurationIsVisible = 0;
			defaultConfigurationName = Release;
		};
/* End XCConfigurationList section */
	};
	rootObject = 86C89DA92CD021DA00922EE3 /* Project object */;
}
